
Microsoft Visual Studio Solution File, Format Version 12.00
# Visual Studio Version 17
VisualStudioVersion = 17.5.33530.505
MinimumVisualStudioVersion = 10.0.40219.1
Project("{FAE04EC0-301F-11D3-BF4B-00C04F79EFBC}") = "HW_WF_Module_5", "HW_WF_Module_5\HW_WF_Module_5.csproj", "{CE47DA3A-2A22-4F41-A125-FB8E2D8C49CC}"
EndProject
Global
	GlobalSection(SolutionConfigurationPlatforms) = preSolution
		Debug|Any CPU = Debug|Any CPU
		Release|Any CPU = Release|Any CPU
	EndGlobalSection
	GlobalSection(ProjectConfigurationPlatforms) = postSolution
		{CE47DA3A-2A22-4F41-A125-FB8E2D8C49CC}.Debug|Any CPU.ActiveCfg = Debug|Any CPU
		{CE47DA3A-2A22-4F41-A125-FB8E2D8C49CC}.Debug|Any CPU.Build.0 = Debug|Any CPU
		{CE47DA3A-2A22-4F41-A125-FB8E2D8C49CC}.Release|Any CPU.ActiveCfg = Release|Any CPU
		{CE47DA3A-2A22-4F41-A125-FB8E2D8C49CC}.Release|Any CPU.Build.0 = Release|Any CPU
	EndGlobalSection
	GlobalSection(SolutionProperties) = preSolution
		HideSolutionNode = FALSE
	EndGlobalSection
	GlobalSection(ExtensibilityGlobals) = postSolution
		SolutionGuid = {208ABF69-4913-4FC4-A4FD-FDE3F2C48052}
	EndGlobalSection
EndGlobal
